// !$*UTF8*$!
{
	archiveVersion = 1;
	classes = {
	};
	objectVersion = 50;
	objects = {

/* Begin PBXBuildFile section */
		5918F7252140ACB8002EFAEF /* AppDelegate.swift in Sources */ = {isa = PBXBuildFile; fileRef = 5918F7242140ACB8002EFAEF /* AppDelegate.swift */; };
		5918F7272140ACB8002EFAEF /* ViewController.swift in Sources */ = {isa = PBXBuildFile; fileRef = 5918F7262140ACB8002EFAEF /* ViewController.swift */; };
		5918F72A2140ACB8002EFAEF /* Main.storyboard in Resources */ = {isa = PBXBuildFile; fileRef = 5918F7282140ACB8002EFAEF /* Main.storyboard */; };
		5918F72D2140ACB8002EFAEF /* Menu_Bars.xcdatamodeld in Sources */ = {isa = PBXBuildFile; fileRef = 5918F72B2140ACB8002EFAEF /* Menu_Bars.xcdatamodeld */; };
		5918F72F2140ACB9002EFAEF /* Assets.xcassets in Resources */ = {isa = PBXBuildFile; fileRef = 5918F72E2140ACB9002EFAEF /* Assets.xcassets */; };
		5918F7322140ACB9002EFAEF /* LaunchScreen.storyboard in Resources */ = {isa = PBXBuildFile; fileRef = 5918F7302140ACB9002EFAEF /* LaunchScreen.storyboard */; };
		59934D912140E4310058B50D /* SecondaryViewController.swift in Sources */ = {isa = PBXBuildFile; fileRef = 59934D902140E4310058B50D /* SecondaryViewController.swift */; };
/* End PBXBuildFile section */

/* Begin PBXFileReference section */
		5918F7212140ACB8002EFAEF /* Menu Bars.app */ = {isa = PBXFileReference; explicitFileType = wrapper.application; includeInIndex = 0; path = "Menu Bars.app"; sourceTree = BUILT_PRODUCTS_DIR; };
		5918F7242140ACB8002EFAEF /* AppDelegate.swift */ = {isa = PBXFileReference; lastKnownFileType = sourcecode.swift; path = AppDelegate.swift; sourceTree = "<group>"; };
		5918F7262140ACB8002EFAEF /* ViewController.swift */ = {isa = PBXFileReference; lastKnownFileType = sourcecode.swift; path = ViewController.swift; sourceTree = "<group>"; };
		5918F7292140ACB8002EFAEF /* Base */ = {isa = PBXFileReference; lastKnownFileType = file.storyboard; name = Base; path = Base.lproj/Main.storyboard; sourceTree = "<group>"; };
		5918F72C2140ACB8002EFAEF /* Menu_Bars.xcdatamodel */ = {isa = PBXFileReference; lastKnownFileType = wrapper.xcdatamodel; path = Menu_Bars.xcdatamodel; sourceTree = "<group>"; };
		5918F72E2140ACB9002EFAEF /* Assets.xcassets */ = {isa = PBXFileReference; lastKnownFileType = folder.assetcatalog; path = Assets.xcassets; sourceTree = "<group>"; };
		5918F7312140ACB9002EFAEF /* Base */ = {isa = PBXFileReference; lastKnownFileType = file.storyboard; name = Base; path = Base.lproj/LaunchScreen.storyboard; sourceTree = "<group>"; };
		5918F7332140ACB9002EFAEF /* Info.plist */ = {isa = PBXFileReference; lastKnownFileType = text.plist.xml; path = Info.plist; sourceTree = "<group>"; };
		59934D902140E4310058B50D /* SecondaryViewController.swift */ = {isa = PBXFileReference; lastKnownFileType = sourcecode.swift; path = SecondaryViewController.swift; sourceTree = "<group>"; };
/* End PBXFileReference section */

/* Begin PBXFrameworksBuildPhase section */
		5918F71E2140ACB7002EFAEF /* Frameworks */ = {
			isa = PBXFrameworksBuildPhase;
			buildActionMask = 2147483647;
			files = (
			);
			runOnlyForDeploymentPostprocessing = 0;
		};
/* End PBXFrameworksBuildPhase section */

/* Begin PBXGroup section */
		5918F7182140ACB7002EFAEF = {
			isa = PBXGroup;
			children = (
				5918F7232140ACB8002EFAEF /* Menu Bars */,
				5918F7222140ACB8002EFAEF /* Products */,
			);
			sourceTree = "<group>";
		};
		5918F7222140ACB8002EFAEF /* Products */ = {
			isa = PBXGroup;
			children = (
				5918F7212140ACB8002EFAEF /* Menu Bars.app */,
			);
			name = Products;
			sourceTree = "<group>";
		};
		5918F7232140ACB8002EFAEF /* Menu Bars */ = {
			isa = PBXGroup;
			children = (
				5918F7242140ACB8002EFAEF /* AppDelegate.swift */,
				5918F7262140ACB8002EFAEF /* ViewController.swift */,
				5918F7282140ACB8002EFAEF /* Main.storyboard */,
				5918F72E2140ACB9002EFAEF /* Assets.xcassets */,
				5918F7302140ACB9002EFAEF /* LaunchScreen.storyboard */,
				5918F7332140ACB9002EFAEF /* Info.plist */,
				5918F72B2140ACB8002EFAEF /* Menu_Bars.xcdatamodeld */,
				59934D902140E4310058B50D /* SecondaryViewController.swift */,
			);
			path = "Menu Bars";
			sourceTree = "<group>";
		};
/* End PBXGroup section */

/* Begin PBXNativeTarget section */
		5918F7202140ACB7002EFAEF /* Menu Bars */ = {
			isa = PBXNativeTarget;
			buildConfigurationList = 5918F7362140ACB9002EFAEF /* Build configuration list for PBXNativeTarget "Menu Bars" */;
			buildPhases = (
				5918F71D2140ACB7002EFAEF /* Sources */,
				5918F71E2140ACB7002EFAEF /* Frameworks */,
				5918F71F2140ACB7002EFAEF /* Resources */,
			);
			buildRules = (
			);
			dependencies = (
			);
			name = "Menu Bars";
			productName = "Menu Bars";
			productReference = 5918F7212140ACB8002EFAEF /* Menu Bars.app */;
			productType = "com.apple.product-type.application";
		};
/* End PBXNativeTarget section */

/* Begin PBXProject section */
		5918F7192140ACB7002EFAEF /* Project object */ = {
			isa = PBXProject;
			attributes = {
				LastSwiftUpdateCheck = 0940;
				LastUpgradeCheck = 0940;
				ORGANIZATIONNAME = "Ronald Muñoz";
				TargetAttributes = {
					5918F7202140ACB7002EFAEF = {
						CreatedOnToolsVersion = 9.4.1;
					};
				};
			};
			buildConfigurationList = 5918F71C2140ACB7002EFAEF /* Build configuration list for PBXProject "Menu Bars" */;
			compatibilityVersion = "Xcode 9.3";
			developmentRegion = en;
			hasScannedForEncodings = 0;
			knownRegions = (
				en,
				Base,
			);
			mainGroup = 5918F7182140ACB7002EFAEF;
			productRefGroup = 5918F7222140ACB8002EFAEF /* Products */;
			projectDirPath = "";
			projectRoot = "";
			targets = (
				5918F7202140ACB7002EFAEF /* Menu Bars */,
			);
		};
/* End PBXProject section */

/* Begin PBXResourcesBuildPhase section */
		5918F71F2140ACB7002EFAEF /* Resources */ = {
			isa = PBXResourcesBuildPhase;
			buildActionMask = 2147483647;
			files = (
				5918F7322140ACB9002EFAEF /* LaunchScreen.storyboard in Resources */,
				5918F72F2140ACB9002EFAEF /* Assets.xcassets in Resources */,
				5918F72A2140ACB8002EFAEF /* Main.storyboard in Resources */,
			);
			runOnlyForDeploymentPostprocessing = 0;
		};
/* End PBXResourcesBuildPhase section */

/* Begin PBXSourcesBuildPhase section */
		5918F71D2140ACB7002EFAEF /* Sources */ = {
			isa = PBXSourcesBuildPhase;
			buildActionMask = 2147483647;
			files = (
				5918F7272140ACB8002EFAEF /* ViewController.swift in Sources */,
				5918F7252140ACB8002EFAEF /* AppDelegate.swift in Sources */,
				5918F72D2140ACB8002EFAEF /* Menu_Bars.xcdatamodeld in Sources */,
				59934D912140E4310058B50D /* SecondaryViewController.swift in Sources */,
			);
			runOnlyForDeploymentPostprocessing = 0;
		};
/* End PBXSourcesBuildPhase section */

/* Begin PBXVariantGroup section */
		5918F7282140ACB8002EFAEF /* Main.storyboard */ = {
			isa = PBXVariantGroup;
			children = (
				5918F7292140ACB8002EFAEF /* Base */,
			);
			name = Main.storyboard;
			sourceTree = "<group>";
		};
		5918F7302140ACB9002EFAEF /* LaunchScreen.storyboard */ = {
			isa = PBXVariantGroup;
			children = (
				5918F7312140ACB9002EFAEF /* Base */,
			);
			name = LaunchScreen.storyboard;
			sourceTree = "<group>";
		};
/* End PBXVariantGroup section */

/* Begin XCBuildConfiguration section */
		5918F7342140ACB9002EFAEF /* Debug */ = {
			isa = XCBuildConfiguration;
			buildSettings = {
				ALWAYS_SEARCH_USER_PATHS = NO;
				CLANG_ANALYZER_NONNULL = YES;
				CLANG_ANALYZER_NUMBER_OBJECT_CONVERSION = YES_AGGRESSIVE;
				CLANG_CXX_LANGUAGE_STANDARD = "gnu++14";
				CLANG_CXX_LIBRARY = "libc++";
				CLANG_ENABLE_MODULES = YES;
				CLANG_ENABLE_OBJC_ARC = YES;
				CLANG_ENABLE_OBJC_WEAK = YES;
				CLANG_WARN_BLOCK_CAPTURE_AUTORELEASING = YES;
				CLANG_WARN_BOOL_CONVERSION = YES;
				CLANG_WARN_COMMA = YES;
				CLANG_WARN_CONSTANT_CONVERSION = YES;
				CLANG_WARN_DEPRECATED_OBJC_IMPLEMENTATIONS = YES;
				CLANG_WARN_DIRECT_OBJC_ISA_USAGE = YES_ERROR;
				CLANG_WARN_DOCUMENTATION_COMMENTS = YES;
				CLANG_WARN_EMPTY_BODY = YES;
				CLANG_WARN_ENUM_CONVERSION = YES;
				CLANG_WARN_INFINITE_RECURSION = YES;
				CLANG_WARN_INT_CONVERSION = YES;
				CLANG_WARN_NON_LITERAL_NULL_CONVERSION = YES;
				CLANG_WARN_OBJC_IMPLICIT_RETAIN_SELF = YES;
				CLANG_WARN_OBJC_LITERAL_CONVERSION = YES;
				CLANG_WARN_OBJC_ROOT_CLASS = YES_ERROR;
				CLANG_WARN_RANGE_LOOP_ANALYSIS = YES;
				CLANG_WARN_STRICT_PROTOTYPES = YES;
				CLANG_WARN_SUSPICIOUS_MOVE = YES;
				CLANG_WARN_UNGUARDED_AVAILABILITY = YES_AGGRESSIVE;
				CLANG_WARN_UNREACHABLE_CODE = YES;
				CLANG_WARN__DUPLICATE_METHOD_MATCH = YES;
				CODE_SIGN_IDENTITY = "iPhone Developer";
				COPY_PHASE_STRIP = NO;
				DEBUG_INFORMATION_FORMAT = dwarf;
				ENABLE_STRICT_OBJC_MSGSEND = YES;
				ENABLE_TESTABILITY = YES;
				GCC_C_LANGUAGE_STANDARD = gnu11;
				GCC_DYNAMIC_NO_PIC = NO;
				GCC_NO_COMMON_BLOCKS = YES;
				GCC_OPTIMIZATION_LEVEL = 0;
				GCC_PREPROCESSOR_DEFINITIONS = (
					"DEBUG=1",
					"$(inherited)",
				);
				GCC_WARN_64_TO_32_BIT_CONVERSION = YES;
				GCC_WARN_ABOUT_RETURN_TYPE = YES_ERROR;
				GCC_WARN_UNDECLARED_SELECTOR = YES;
				GCC_WARN_UNINITIALIZED_AUTOS = YES_AGGRESSIVE;
				GCC_WARN_UNUSED_FUNCTION = YES;
				GCC_WARN_UNUSED_VARIABLE = YES;
				IPHONEOS_DEPLOYMENT_TARGET = 11.4;
				MTL_ENABLE_DEBUG_INFO = YES;
				ONLY_ACTIVE_ARCH = YES;
				SDKROOT = iphoneos;
				SWIFT_ACTIVE_COMPILATION_CONDITIONS = DEBUG;
				SWIFT_OPTIMIZATION_LEVEL = "-Onone";
			};
			name = Debug;
		};
		5918F7352140ACB9002EFAEF /* Release */ = {
			isa = XCBuildConfiguration;
			buildSettings = {
				ALWAYS_SEARCH_USER_PATHS = NO;
				CLANG_ANALYZER_NONNULL = YES;
				CLANG_ANALYZER_NUMBER_OBJECT_CONVERSION = YES_AGGRESSIVE;
				CLANG_CXX_LANGUAGE_STANDARD = "gnu++14";
				CLANG_CXX_LIBRARY = "libc++";
				CLANG_ENABLE_MODULES = YES;
				CLANG_ENABLE_OBJC_ARC = YES;
				CLANG_ENABLE_OBJC_WEAK = YES;
				CLANG_WARN_BLOCK_CAPTURE_AUTORELEASING = YES;
				CLANG_WARN_BOOL_CONVERSION = YES;
				CLANG_WARN_COMMA = YES;
				CLANG_WARN_CONSTANT_CONVERSION = YES;
				CLANG_WARN_DEPRECATED_OBJC_IMPLEMENTATIONS = YES;
				CLANG_WARN_DIRECT_OBJC_ISA_USAGE = YES_ERROR;
				CLANG_WARN_DOCUMENTATION_COMMENTS = YES;
				CLANG_WARN_EMPTY_BODY = YES;
				CLANG_WARN_ENUM_CONVERSION = YES;
				CLANG_WARN_INFINITE_RECURSION = YES;
				CLANG_WARN_INT_CONVERSION = YES;
				CLANG_WARN_NON_LITERAL_NULL_CONVERSION = YES;
				CLANG_WARN_OBJC_IMPLICIT_RETAIN_SELF = YES;
				CLANG_WARN_OBJC_LITERAL_CONVERSION = YES;
				CLANG_WARN_OBJC_ROOT_CLASS = YES_ERROR;
				CLANG_WARN_RANGE_LOOP_ANALYSIS = YES;
				CLANG_WARN_STRICT_PROTOTYPES = YES;
				CLANG_WARN_SUSPICIOUS_MOVE = YES;
				CLANG_WARN_UNGUARDED_AVAILABILITY = YES_AGGRESSIVE;
				CLANG_WARN_UNREACHABLE_CODE = YES;
				CLANG_WARN__DUPLICATE_METHOD_MATCH = YES;
				CODE_SIGN_IDENTITY = "iPhone Developer";
				COPY_PHASE_STRIP = NO;
				DEBUG_INFORMATION_FORMAT = "dwarf-with-dsym";
				ENABLE_NS_ASSERTIONS = NO;
				ENABLE_STRICT_OBJC_MSGSEND = YES;
				GCC_C_LANGUAGE_STANDARD = gnu11;
				GCC_NO_COMMON_BLOCKS = YES;
				GCC_WARN_64_TO_32_BIT_CONVERSION = YES;
				GCC_WARN_ABOUT_RETURN_TYPE = YES_ERROR;
				GCC_WARN_UNDECLARED_SELECTOR = YES;
				GCC_WARN_UNINITIALIZED_AUTOS = YES_AGGRESSIVE;
				GCC_WARN_UNUSED_FUNCTION = YES;
				GCC_WARN_UNUSED_VARIABLE = YES;
				IPHONEOS_DEPLOYMENT_TARGET = 11.4;
				MTL_ENABLE_DEBUG_INFO = NO;
				SDKROOT = iphoneos;
				SWIFT_COMPILATION_MODE = wholemodule;
				SWIFT_OPTIMIZATION_LEVEL = "-O";
				VALIDATE_PRODUCT = YES;
			};
			name = Release;
		};
		5918F7372140ACB9002EFAEF /* Debug */ = {
			isa = XCBuildConfiguration;
			buildSettings = {
				ASSETCATALOG_COMPILER_APPICON_NAME = AppIcon;
				CODE_SIGN_STYLE = Automatic;
				DEVELOPMENT_TEAM = GRB4A2HZN8;
				INFOPLIST_FILE = "Menu Bars/Info.plist";
				LD_RUNPATH_SEARCH_PATHS = (
					"$(inherited)",
					"@executable_path/Frameworks",
				);
				PRODUCT_BUNDLE_IDENTIFIER = "com.ronaldmr.Menu-Bars";
				PRODUCT_NAME = "$(TARGET_NAME)";
				SWIFT_VERSION = 4.0;
				TARGETED_DEVICE_FAMILY = "1,2";
			};
			name = Debug;
		};
		5918F7382140ACB9002EFAEF /* Release */ = {
			isa = XCBuildConfiguration;
			buildSettings = {
				ASSETCATALOG_COMPILER_APPICON_NAME = AppIcon;
				CODE_SIGN_STYLE = Automatic;
				DEVELOPMENT_TEAM = GRB4A2HZN8;
				INFOPLIST_FILE = "Menu Bars/Info.plist";
				LD_RUNPATH_SEARCH_PATHS = (
					"$(inherited)",
					"@executable_path/Frameworks",
				);
				PRODUCT_BUNDLE_IDENTIFIER = "com.ronaldmr.Menu-Bars";
				PRODUCT_NAME = "$(TARGET_NAME)";
				SWIFT_VERSION = 4.0;
				TARGETED_DEVICE_FAMILY = "1,2";
			};
			name = Release;
		};
/* End XCBuildConfiguration section */

/* Begin XCConfigurationList section */
		5918F71C2140ACB7002EFAEF /* Build configuration list for PBXProject "Menu Bars" */ = {
			isa = XCConfigurationList;
			buildConfigurations = (
				5918F7342140ACB9002EFAEF /* Debug */,
				5918F7352140ACB9002EFAEF /* Release */,
			);
			defaultConfigurationIsVisible = 0;
			defaultConfigurationName = Release;
		};
		5918F7362140ACB9002EFAEF /* Build configuration list for PBXNativeTarget "Menu Bars" */ = {
			isa = XCConfigurationList;
			buildConfigurations = (
				5918F7372140ACB9002EFAEF /* Debug */,
				5918F7382140ACB9002EFAEF /* Release */,
			);
			defaultConfigurationIsVisible = 0;
			defaultConfigurationName = Release;
		};
/* End XCConfigurationList section */

/* Begin XCVersionGroup section */
		5918F72B2140ACB8002EFAEF /* Menu_Bars.xcdatamodeld */ = {
			isa = XCVersionGroup;
			children = (
				5918F72C2140ACB8002EFAEF /* Menu_Bars.xcdatamodel */,
			);
			currentVersion = 5918F72C2140ACB8002EFAEF /* Menu_Bars.xcdatamodel */;
			path = Menu_Bars.xcdatamodeld;
			sourceTree = "<group>";
			versionGroupType = wrapper.xcdatamodel;
		};
/* End XCVersionGroup section */
	};
	rootObject = 5918F7192140ACB7002EFAEF /* Project object */;
}
